schema: '2.0'
stages:
  prepare-data:
    cmd: python prepare_data.py
    deps:
    - path: iris.csv
      md5: 717820ef0af287ff346c5cabfb4c612c
      size: 5107
    - path: prepare_data.py
      md5: 004ed07cb655d55d178d29fc612c92dc
      size: 375
    outs:
    - path: iris.npy
      md5: 7c9fdb5ece2856f20d0eba3c21a4cbf8
      size: 6128
  train-models:
    cmd: python train_models.py
    deps:
    - path: iris.npy
      md5: 7c9fdb5ece2856f20d0eba3c21a4cbf8
      size: 6128
    - path: train_models.py
      md5: 6d2e75d92731a007587b2bfd4f84b354
      size: 619
    params:
      params.json:
        train.C: 5.0
    outs:
    - path: model-1.joblib
      md5: fa4c81568c3afdd4214cd0e96e3092e2
      size: 5191
    - path: model-2.joblib
      md5: 45fb1b29648d1b8948581aa2808b30e2
      size: 776
    - path: model-3.joblib
      md5: 20e2a3a2b300b4f07c7886d7130e9921
      size: 5354
    - path: model-4.joblib
      md5: ed59f7e268ee4d40374a2eb81a0d011f
      size: 4937
  eval-models:
    cmd: python eval_models.py
    deps:
    - path: eval_models.py
      md5: 6fe1049cf1470fae199e82b1c7b9cfba
      size: 1829
    - path: model-1.joblib
      md5: fa4c81568c3afdd4214cd0e96e3092e2
      size: 5191
    - path: model-2.joblib
      md5: 45fb1b29648d1b8948581aa2808b30e2
      size: 776
    - path: model-3.joblib
      md5: 20e2a3a2b300b4f07c7886d7130e9921
      size: 5354
    - path: model-4.joblib
      md5: ed59f7e268ee4d40374a2eb81a0d011f
      size: 4937
    outs:
    - path: models-eval.json
      md5: d13d8db8f752466c6fcf21ff14d41028
      size: 106
    - path: models-eval.png
      md5: cafa2673e36ff4ad1d22a52d6e1847c6
      size: 87982
  test:
    cmd: python test.py
    deps:
    - path: test.in
      md5: c4ca4238a0b923820dcc509a6f75849b
      size: 1
    - path: test.py
      md5: af74598cc508dd1950f1fde68e040c2e
      size: 103
    outs:
    - path: test.out
      md5: 3a4bfa584a02c3d09b0c5d536911686f
      size: 9
  hello:
    cmd: python hello.py
    deps:
    - path: hello.in
      md5: 04507d73eb28ae37a015beb3ee0bbb31
      size: 8
    - path: hello.py
      md5: 4c9762c3809f3f4f6d26addf614649b3
      size: 125
    outs:
    - path: hello.out
      md5: 0d6fc4c9622a80fd10dced46242d32ec
      size: 17
  delme:
    cmd: python eval_models.py
    outs:
    - path: models-eval.json
      md5: 63697de1383989c3e70e4a9e192e64dc
      size: 119
